
Microsoft Visual Studio Solution File, Format Version 12.00
# Visual Studio Version 16
VisualStudioVersion = 16.0.29926.136
MinimumVisualStudioVersion = 10.0.40219.1
Project("{FAE04EC0-301F-11D3-BF4B-00C04F79EFBC}") = "Lab3_steg", "Lab3_steg.csproj", "{4B023BFF-BA91-45EF-BDAF-C9A8DC3736D6}"
EndProject
Project("{2150E333-8FDC-42A3-9474-1A3956D46DE8}") = "Solution Items", "Solution Items", "{7B46BFA0-ED67-4446-9F45-1AAC3D11A8CF}"
EndProject
Global
	GlobalSection(SolutionConfigurationPlatforms) = preSolution
		Debug|Any CPU = Debug|Any CPU
		Release|Any CPU = Release|Any CPU
	EndGlobalSection
	GlobalSection(ProjectConfigurationPlatforms) = postSolution
		{4B023BFF-BA91-45EF-BDAF-C9A8DC3736D6}.Debug|Any CPU.ActiveCfg = Debug|Any CPU
		{4B023BFF-BA91-45EF-BDAF-C9A8DC3736D6}.Debug|Any CPU.Build.0 = Debug|Any CPU
		{4B023BFF-BA91-45EF-BDAF-C9A8DC3736D6}.Release|Any CPU.ActiveCfg = Release|Any CPU
		{4B023BFF-BA91-45EF-BDAF-C9A8DC3736D6}.Release|Any CPU.Build.0 = Release|Any CPU
	EndGlobalSection
	GlobalSection(SolutionProperties) = preSolution
		HideSolutionNode = FALSE
	EndGlobalSection
	GlobalSection(ExtensibilityGlobals) = postSolution
		SolutionGuid = {D08A5300-BD5D-4BFD-8A2F-76234D49FED1}
	EndGlobalSection
EndGlobal
